
Microsoft Visual Studio Solution File, Format Version 11.00
# Visual Studio 2010
Project("{FAE04EC0-301F-11D3-BF4B-00C04F79EFBC}") = "VuforiaScripts", "VuforiaScripts.csproj", "{56272FC5-48BB-26EC-4BC0-EB8C84350047}"
EndProject
Project("{FAE04EC0-301F-11D3-BF4B-00C04F79EFBC}") = "Assembly-CSharp", "Assembly-CSharp.csproj", "{A0C4C6BF-9D95-0405-72B2-F1788F24311B}"
EndProject
Project("{FAE04EC0-301F-11D3-BF4B-00C04F79EFBC}") = "VuforiaEditorScripts", "VuforiaEditorScripts.csproj", "{FB344155-13D8-F106-2514-C03B7C852374}"
EndProject
Global
	GlobalSection(SolutionConfigurationPlatforms) = preSolution
		Debug|Any CPU = Debug|Any CPU
		Release|Any CPU = Release|Any CPU
	EndGlobalSection
	GlobalSection(ProjectConfigurationPlatforms) = postSolution
		{56272FC5-48BB-26EC-4BC0-EB8C84350047}.Debug|Any CPU.ActiveCfg = Debug|Any CPU
		{56272FC5-48BB-26EC-4BC0-EB8C84350047}.Debug|Any CPU.Build.0 = Debug|Any CPU
		{56272FC5-48BB-26EC-4BC0-EB8C84350047}.Release|Any CPU.ActiveCfg = Release|Any CPU
		{56272FC5-48BB-26EC-4BC0-EB8C84350047}.Release|Any CPU.Build.0 = Release|Any CPU
		{A0C4C6BF-9D95-0405-72B2-F1788F24311B}.Debug|Any CPU.ActiveCfg = Debug|Any CPU
		{A0C4C6BF-9D95-0405-72B2-F1788F24311B}.Debug|Any CPU.Build.0 = Debug|Any CPU
		{A0C4C6BF-9D95-0405-72B2-F1788F24311B}.Release|Any CPU.ActiveCfg = Release|Any CPU
		{A0C4C6BF-9D95-0405-72B2-F1788F24311B}.Release|Any CPU.Build.0 = Release|Any CPU
		{FB344155-13D8-F106-2514-C03B7C852374}.Debug|Any CPU.ActiveCfg = Debug|Any CPU
		{FB344155-13D8-F106-2514-C03B7C852374}.Debug|Any CPU.Build.0 = Debug|Any CPU
		{FB344155-13D8-F106-2514-C03B7C852374}.Release|Any CPU.ActiveCfg = Release|Any CPU
		{FB344155-13D8-F106-2514-C03B7C852374}.Release|Any CPU.Build.0 = Release|Any CPU
	EndGlobalSection
	GlobalSection(SolutionProperties) = preSolution
		HideSolutionNode = FALSE
	EndGlobalSection
EndGlobal
